
Microsoft Visual Studio Solution File, Format Version 12.00
# Visual Studio Version 17
VisualStudioVersion = 17.2.32519.379
MinimumVisualStudioVersion = 10.0.40219.1
Project("{FAE04EC0-301F-11D3-BF4B-00C04F79EFBC}") = "4JSamples.WebApi", "4JSamples.WebApi\4JSamples.WebApi.csproj", "{252234C2-6E83-452E-804D-1A47ECC36202}"
EndProject
Project("{FAE04EC0-301F-11D3-BF4B-00C04F79EFBC}") = "4JSamples.Console", "4JSamples.Console\4JSamples.Console.csproj", "{96903280-CA4F-4E0C-9C6F-32868EB8B534}"
EndProject
Global
	GlobalSection(SolutionConfigurationPlatforms) = preSolution
		Debug|Any CPU = Debug|Any CPU
		Release|Any CPU = Release|Any CPU
	EndGlobalSection
	GlobalSection(ProjectConfigurationPlatforms) = postSolution
		{252234C2-6E83-452E-804D-1A47ECC36202}.Debug|Any CPU.ActiveCfg = Debug|Any CPU
		{252234C2-6E83-452E-804D-1A47ECC36202}.Debug|Any CPU.Build.0 = Debug|Any CPU
		{252234C2-6E83-452E-804D-1A47ECC36202}.Release|Any CPU.ActiveCfg = Release|Any CPU
		{252234C2-6E83-452E-804D-1A47ECC36202}.Release|Any CPU.Build.0 = Release|Any CPU
		{96903280-CA4F-4E0C-9C6F-32868EB8B534}.Debug|Any CPU.ActiveCfg = Debug|Any CPU
		{96903280-CA4F-4E0C-9C6F-32868EB8B534}.Debug|Any CPU.Build.0 = Debug|Any CPU
		{96903280-CA4F-4E0C-9C6F-32868EB8B534}.Release|Any CPU.ActiveCfg = Release|Any CPU
		{96903280-CA4F-4E0C-9C6F-32868EB8B534}.Release|Any CPU.Build.0 = Release|Any CPU
	EndGlobalSection
	GlobalSection(SolutionProperties) = preSolution
		HideSolutionNode = FALSE
	EndGlobalSection
	GlobalSection(ExtensibilityGlobals) = postSolution
		SolutionGuid = {41F21CBA-AE73-4BA0-B08A-A58CDBC86D25}
	EndGlobalSection
EndGlobal
